// !$*UTF8*$!
{
	archiveVersion = 1;
	classes = {
	};
	objectVersion = 50;
	objects = {

/* Begin PBXBuildFile section */
		B3173FDB21E2ECFE00540AD3 /* AppDelegate.swift in Sources */ = {isa = PBXBuildFile; fileRef = B3173FDA21E2ECFE00540AD3 /* AppDelegate.swift */; };
		B3173FDD21E2ECFE00540AD3 /* ViewController.swift in Sources */ = {isa = PBXBuildFile; fileRef = B3173FDC21E2ECFE00540AD3 /* ViewController.swift */; };
		B3173FDF21E2ECFE00540AD3 /* Document.swift in Sources */ = {isa = PBXBuildFile; fileRef = B3173FDE21E2ECFE00540AD3 /* Document.swift */; };
		B3173FE121E2ECFF00540AD3 /* Assets.xcassets in Resources */ = {isa = PBXBuildFile; fileRef = B3173FE021E2ECFF00540AD3 /* Assets.xcassets */; };
		B3173FE421E2ECFF00540AD3 /* Main.storyboard in Resources */ = {isa = PBXBuildFile; fileRef = B3173FE221E2ECFF00540AD3 /* Main.storyboard */; };
		B3173FED21E2F29300540AD3 /* shaders.metal in Sources */ = {isa = PBXBuildFile; fileRef = B3173FEC21E2F29300540AD3 /* shaders.metal */; };
/* End PBXBuildFile section */

/* Begin PBXFileReference section */
		B3173FD721E2ECFE00540AD3 /* harmonographer.app */ = {isa = PBXFileReference; explicitFileType = wrapper.application; includeInIndex = 0; path = harmonographer.app; sourceTree = BUILT_PRODUCTS_DIR; };
		B3173FDA21E2ECFE00540AD3 /* AppDelegate.swift */ = {isa = PBXFileReference; lastKnownFileType = sourcecode.swift; path = AppDelegate.swift; sourceTree = "<group>"; };
		B3173FDC21E2ECFE00540AD3 /* ViewController.swift */ = {isa = PBXFileReference; lastKnownFileType = sourcecode.swift; path = ViewController.swift; sourceTree = "<group>"; };
		B3173FDE21E2ECFE00540AD3 /* Document.swift */ = {isa = PBXFileReference; lastKnownFileType = sourcecode.swift; path = Document.swift; sourceTree = "<group>"; };
		B3173FE021E2ECFF00540AD3 /* Assets.xcassets */ = {isa = PBXFileReference; lastKnownFileType = folder.assetcatalog; path = Assets.xcassets; sourceTree = "<group>"; };
		B3173FE321E2ECFF00540AD3 /* Base */ = {isa = PBXFileReference; lastKnownFileType = file.storyboard; name = Base; path = Base.lproj/Main.storyboard; sourceTree = "<group>"; };
		B3173FE521E2ECFF00540AD3 /* Info.plist */ = {isa = PBXFileReference; lastKnownFileType = text.plist.xml; path = Info.plist; sourceTree = "<group>"; };
		B3173FE621E2ECFF00540AD3 /* harmonographer.entitlements */ = {isa = PBXFileReference; lastKnownFileType = text.plist.entitlements; path = harmonographer.entitlements; sourceTree = "<group>"; };
		B3173FEC21E2F29300540AD3 /* shaders.metal */ = {isa = PBXFileReference; lastKnownFileType = sourcecode.metal; path = shaders.metal; sourceTree = "<group>"; };
/* End PBXFileReference section */

/* Begin PBXFrameworksBuildPhase section */
		B3173FD421E2ECFE00540AD3 /* Frameworks */ = {
			isa = PBXFrameworksBuildPhase;
			buildActionMask = 2147483647;
			files = (
			);
			runOnlyForDeploymentPostprocessing = 0;
		};
/* End PBXFrameworksBuildPhase section */

/* Begin PBXGroup section */
		B3173FCE21E2ECFE00540AD3 = {
			isa = PBXGroup;
			children = (
				B3173FD921E2ECFE00540AD3 /* harmonographer */,
				B3173FD821E2ECFE00540AD3 /* Products */,
			);
			sourceTree = "<group>";
		};
		B3173FD821E2ECFE00540AD3 /* Products */ = {
			isa = PBXGroup;
			children = (
				B3173FD721E2ECFE00540AD3 /* harmonographer.app */,
			);
			name = Products;
			sourceTree = "<group>";
		};
		B3173FD921E2ECFE00540AD3 /* harmonographer */ = {
			isa = PBXGroup;
			children = (
				B3173FDA21E2ECFE00540AD3 /* AppDelegate.swift */,
				B3173FDC21E2ECFE00540AD3 /* ViewController.swift */,
				B3173FEC21E2F29300540AD3 /* shaders.metal */,
				B3173FDE21E2ECFE00540AD3 /* Document.swift */,
				B3173FE021E2ECFF00540AD3 /* Assets.xcassets */,
				B3173FE221E2ECFF00540AD3 /* Main.storyboard */,
				B3173FE521E2ECFF00540AD3 /* Info.plist */,
				B3173FE621E2ECFF00540AD3 /* harmonographer.entitlements */,
			);
			path = harmonographer;
			sourceTree = "<group>";
		};
/* End PBXGroup section */

/* Begin PBXNativeTarget section */
		B3173FD621E2ECFE00540AD3 /* harmonographer */ = {
			isa = PBXNativeTarget;
			buildConfigurationList = B3173FE921E2ECFF00540AD3 /* Build configuration list for PBXNativeTarget "harmonographer" */;
			buildPhases = (
				B3173FD321E2ECFE00540AD3 /* Sources */,
				B3173FD421E2ECFE00540AD3 /* Frameworks */,
				B3173FD521E2ECFE00540AD3 /* Resources */,
			);
			buildRules = (
			);
			dependencies = (
			);
			name = harmonographer;
			productName = harmonographer;
			productReference = B3173FD721E2ECFE00540AD3 /* harmonographer.app */;
			productType = "com.apple.product-type.application";
		};
/* End PBXNativeTarget section */

/* Begin PBXProject section */
		B3173FCF21E2ECFE00540AD3 /* Project object */ = {
			isa = PBXProject;
			attributes = {
				LastSwiftUpdateCheck = 1010;
				LastUpgradeCheck = 1010;
				ORGANIZATIONNAME = HSY_Technologies;
				TargetAttributes = {
					B3173FD621E2ECFE00540AD3 = {
						CreatedOnToolsVersion = 10.1;
					};
				};
			};
			buildConfigurationList = B3173FD221E2ECFE00540AD3 /* Build configuration list for PBXProject "harmonographer" */;
			compatibilityVersion = "Xcode 9.3";
			developmentRegion = en;
			hasScannedForEncodings = 0;
			knownRegions = (
				en,
				Base,
			);
			mainGroup = B3173FCE21E2ECFE00540AD3;
			productRefGroup = B3173FD821E2ECFE00540AD3 /* Products */;
			projectDirPath = "";
			projectRoot = "";
			targets = (
				B3173FD621E2ECFE00540AD3 /* harmonographer */,
			);
		};
/* End PBXProject section */

/* Begin PBXResourcesBuildPhase section */
		B3173FD521E2ECFE00540AD3 /* Resources */ = {
			isa = PBXResourcesBuildPhase;
			buildActionMask = 2147483647;
			files = (
				B3173FE121E2ECFF00540AD3 /* Assets.xcassets in Resources */,
				B3173FE421E2ECFF00540AD3 /* Main.storyboard in Resources */,
			);
			runOnlyForDeploymentPostprocessing = 0;
		};
/* End PBXResourcesBuildPhase section */

/* Begin PBXSourcesBuildPhase section */
		B3173FD321E2ECFE00540AD3 /* Sources */ = {
			isa = PBXSourcesBuildPhase;
			buildActionMask = 2147483647;
			files = (
				B3173FED21E2F29300540AD3 /* shaders.metal in Sources */,
				B3173FDD21E2ECFE00540AD3 /* ViewController.swift in Sources */,
				B3173FDB21E2ECFE00540AD3 /* AppDelegate.swift in Sources */,
				B3173FDF21E2ECFE00540AD3 /* Document.swift in Sources */,
			);
			runOnlyForDeploymentPostprocessing = 0;
		};
/* End PBXSourcesBuildPhase section */

/* Begin PBXVariantGroup section */
		B3173FE221E2ECFF00540AD3 /* Main.storyboard */ = {
			isa = PBXVariantGroup;
			children = (
				B3173FE321E2ECFF00540AD3 /* Base */,
			);
			name = Main.storyboard;
			sourceTree = "<group>";
		};
/* End PBXVariantGroup section */

/* Begin XCBuildConfiguration section */
		B3173FE721E2ECFF00540AD3 /* Debug */ = {
			isa = XCBuildConfiguration;
			buildSettings = {
				ALWAYS_SEARCH_USER_PATHS = NO;
				CLANG_ANALYZER_NONNULL = YES;
				CLANG_ANALYZER_NUMBER_OBJECT_CONVERSION = YES_AGGRESSIVE;
				CLANG_CXX_LANGUAGE_STANDARD = "gnu++14";
				CLANG_CXX_LIBRARY = "libc++";
				CLANG_ENABLE_MODULES = YES;
				CLANG_ENABLE_OBJC_ARC = YES;
				CLANG_ENABLE_OBJC_WEAK = YES;
				CLANG_WARN_BLOCK_CAPTURE_AUTORELEASING = YES;
				CLANG_WARN_BOOL_CONVERSION = YES;
				CLANG_WARN_COMMA = YES;
				CLANG_WARN_CONSTANT_CONVERSION = YES;
				CLANG_WARN_DEPRECATED_OBJC_IMPLEMENTATIONS = YES;
				CLANG_WARN_DIRECT_OBJC_ISA_USAGE = YES_ERROR;
				CLANG_WARN_DOCUMENTATION_COMMENTS = YES;
				CLANG_WARN_EMPTY_BODY = YES;
				CLANG_WARN_ENUM_CONVERSION = YES;
				CLANG_WARN_INFINITE_RECURSION = YES;
				CLANG_WARN_INT_CONVERSION = YES;
				CLANG_WARN_NON_LITERAL_NULL_CONVERSION = YES;
				CLANG_WARN_OBJC_IMPLICIT_RETAIN_SELF = YES;
				CLANG_WARN_OBJC_LITERAL_CONVERSION = YES;
				CLANG_WARN_OBJC_ROOT_CLASS = YES_ERROR;
				CLANG_WARN_RANGE_LOOP_ANALYSIS = YES;
				CLANG_WARN_STRICT_PROTOTYPES = YES;
				CLANG_WARN_SUSPICIOUS_MOVE = YES;
				CLANG_WARN_UNGUARDED_AVAILABILITY = YES_AGGRESSIVE;
				CLANG_WARN_UNREACHABLE_CODE = YES;
				CLANG_WARN__DUPLICATE_METHOD_MATCH = YES;
				CODE_SIGN_IDENTITY = "Mac Developer";
				COPY_PHASE_STRIP = NO;
				DEBUG_INFORMATION_FORMAT = dwarf;
				ENABLE_STRICT_OBJC_MSGSEND = YES;
				ENABLE_TESTABILITY = YES;
				GCC_C_LANGUAGE_STANDARD = gnu11;
				GCC_DYNAMIC_NO_PIC = NO;
				GCC_NO_COMMON_BLOCKS = YES;
				GCC_OPTIMIZATION_LEVEL = 0;
				GCC_PREPROCESSOR_DEFINITIONS = (
					"DEBUG=1",
					"$(inherited)",
				);
				GCC_WARN_64_TO_32_BIT_CONVERSION = YES;
				GCC_WARN_ABOUT_RETURN_TYPE = YES_ERROR;
				GCC_WARN_UNDECLARED_SELECTOR = YES;
				GCC_WARN_UNINITIALIZED_AUTOS = YES_AGGRESSIVE;
				GCC_WARN_UNUSED_FUNCTION = YES;
				GCC_WARN_UNUSED_VARIABLE = YES;
				MACOSX_DEPLOYMENT_TARGET = 10.14;
				MTL_ENABLE_DEBUG_INFO = INCLUDE_SOURCE;
				MTL_FAST_MATH = YES;
				ONLY_ACTIVE_ARCH = YES;
				SDKROOT = macosx;
				SWIFT_ACTIVE_COMPILATION_CONDITIONS = DEBUG;
				SWIFT_OPTIMIZATION_LEVEL = "-Onone";
			};
			name = Debug;
		};
		B3173FE821E2ECFF00540AD3 /* Release */ = {
			isa = XCBuildConfiguration;
			buildSettings = {
				ALWAYS_SEARCH_USER_PATHS = NO;
				CLANG_ANALYZER_NONNULL = YES;
				CLANG_ANALYZER_NUMBER_OBJECT_CONVERSION = YES_AGGRESSIVE;
				CLANG_CXX_LANGUAGE_STANDARD = "gnu++14";
				CLANG_CXX_LIBRARY = "libc++";
				CLANG_ENABLE_MODULES = YES;
				CLANG_ENABLE_OBJC_ARC = YES;
				CLANG_ENABLE_OBJC_WEAK = YES;
				CLANG_WARN_BLOCK_CAPTURE_AUTORELEASING = YES;
				CLANG_WARN_BOOL_CONVERSION = YES;
				CLANG_WARN_COMMA = YES;
				CLANG_WARN_CONSTANT_CONVERSION = YES;
				CLANG_WARN_DEPRECATED_OBJC_IMPLEMENTATIONS = YES;
				CLANG_WARN_DIRECT_OBJC_ISA_USAGE = YES_ERROR;
				CLANG_WARN_DOCUMENTATION_COMMENTS = YES;
				CLANG_WARN_EMPTY_BODY = YES;
				CLANG_WARN_ENUM_CONVERSION = YES;
				CLANG_WARN_INFINITE_RECURSION = YES;
				CLANG_WARN_INT_CONVERSION = YES;
				CLANG_WARN_NON_LITERAL_NULL_CONVERSION = YES;
				CLANG_WARN_OBJC_IMPLICIT_RETAIN_SELF = YES;
				CLANG_WARN_OBJC_LITERAL_CONVERSION = YES;
				CLANG_WARN_OBJC_ROOT_CLASS = YES_ERROR;
				CLANG_WARN_RANGE_LOOP_ANALYSIS = YES;
				CLANG_WARN_STRICT_PROTOTYPES = YES;
				CLANG_WARN_SUSPICIOUS_MOVE = YES;
				CLANG_WARN_UNGUARDED_AVAILABILITY = YES_AGGRESSIVE;
				CLANG_WARN_UNREACHABLE_CODE = YES;
				CLANG_WARN__DUPLICATE_METHOD_MATCH = YES;
				CODE_SIGN_IDENTITY = "Mac Developer";
				COPY_PHASE_STRIP = NO;
				DEBUG_INFORMATION_FORMAT = "dwarf-with-dsym";
				ENABLE_NS_ASSERTIONS = NO;
				ENABLE_STRICT_OBJC_MSGSEND = YES;
				GCC_C_LANGUAGE_STANDARD = gnu11;
				GCC_NO_COMMON_BLOCKS = YES;
				GCC_WARN_64_TO_32_BIT_CONVERSION = YES;
				GCC_WARN_ABOUT_RETURN_TYPE = YES_ERROR;
				GCC_WARN_UNDECLARED_SELECTOR = YES;
				GCC_WARN_UNINITIALIZED_AUTOS = YES_AGGRESSIVE;
				GCC_WARN_UNUSED_FUNCTION = YES;
				GCC_WARN_UNUSED_VARIABLE = YES;
				MACOSX_DEPLOYMENT_TARGET = 10.14;
				MTL_ENABLE_DEBUG_INFO = NO;
				MTL_FAST_MATH = YES;
				SDKROOT = macosx;
				SWIFT_COMPILATION_MODE = wholemodule;
				SWIFT_OPTIMIZATION_LEVEL = "-O";
			};
			name = Release;
		};
		B3173FEA21E2ECFF00540AD3 /* Debug */ = {
			isa = XCBuildConfiguration;
			buildSettings = {
				ASSETCATALOG_COMPILER_APPICON_NAME = AppIcon;
				CODE_SIGN_ENTITLEMENTS = harmonographer/harmonographer.entitlements;
				CODE_SIGN_STYLE = Automatic;
				COMBINE_HIDPI_IMAGES = YES;
				DEVELOPMENT_TEAM = 86CZ3MF8WJ;
				INFOPLIST_FILE = harmonographer/Info.plist;
				LD_RUNPATH_SEARCH_PATHS = (
					"$(inherited)",
					"@executable_path/../Frameworks",
				);
				PRODUCT_BUNDLE_IDENTIFIER = "com.HSY-Technologies.harmonographer";
				PRODUCT_NAME = "$(TARGET_NAME)";
				SWIFT_VERSION = 4.2;
			};
			name = Debug;
		};
		B3173FEB21E2ECFF00540AD3 /* Release */ = {
			isa = XCBuildConfiguration;
			buildSettings = {
				ASSETCATALOG_COMPILER_APPICON_NAME = AppIcon;
				CODE_SIGN_ENTITLEMENTS = harmonographer/harmonographer.entitlements;
				CODE_SIGN_STYLE = Automatic;
				COMBINE_HIDPI_IMAGES = YES;
				DEVELOPMENT_TEAM = 86CZ3MF8WJ;
				INFOPLIST_FILE = harmonographer/Info.plist;
				LD_RUNPATH_SEARCH_PATHS = (
					"$(inherited)",
					"@executable_path/../Frameworks",
				);
				PRODUCT_BUNDLE_IDENTIFIER = "com.HSY-Technologies.harmonographer";
				PRODUCT_NAME = "$(TARGET_NAME)";
				SWIFT_VERSION = 4.2;
			};
			name = Release;
		};
/* End XCBuildConfiguration section */

/* Begin XCConfigurationList section */
		B3173FD221E2ECFE00540AD3 /* Build configuration list for PBXProject "harmonographer" */ = {
			isa = XCConfigurationList;
			buildConfigurations = (
				B3173FE721E2ECFF00540AD3 /* Debug */,
				B3173FE821E2ECFF00540AD3 /* Release */,
			);
			defaultConfigurationIsVisible = 0;
			defaultConfigurationName = Release;
		};
		B3173FE921E2ECFF00540AD3 /* Build configuration list for PBXNativeTarget "harmonographer" */ = {
			isa = XCConfigurationList;
			buildConfigurations = (
				B3173FEA21E2ECFF00540AD3 /* Debug */,
				B3173FEB21E2ECFF00540AD3 /* Release */,
			);
			defaultConfigurationIsVisible = 0;
			defaultConfigurationName = Release;
		};
/* End XCConfigurationList section */
	};
	rootObject = B3173FCF21E2ECFE00540AD3 /* Project object */;
}
